
Microsoft Visual Studio Solution File, Format Version 12.00
# Visual Studio 15
VisualStudioVersion = 15.0.27004.2006
MinimumVisualStudioVersion = 10.0.40219.1
Project("{FAE04EC0-301F-11D3-BF4B-00C04F79EFBC}") = "BlindWalls", "BlindWalls\BlindWalls.csproj", "{BD0E8745-12D5-4BFF-9A9D-9E7BC9A2A8BB}"
EndProject
Project("{FAE04EC0-301F-11D3-BF4B-00C04F79EFBC}") = "Domain", "Domain\Domain.csproj", "{EF2BB740-128D-4E79-A221-9A8BF2013607}"
EndProject
Project("{FAE04EC0-301F-11D3-BF4B-00C04F79EFBC}") = "BlindWalls.BusinessLogic", "BlindWalls.BusinessLogic\BlindWalls.BusinessLogic.csproj", "{2E94AFEF-9915-425C-83D6-48CCEFE20A9E}"
EndProject
Global
	GlobalSection(SolutionConfigurationPlatforms) = preSolution
		Debug|Any CPU = Debug|Any CPU
		Release|Any CPU = Release|Any CPU
	EndGlobalSection
	GlobalSection(ProjectConfigurationPlatforms) = postSolution
		{BD0E8745-12D5-4BFF-9A9D-9E7BC9A2A8BB}.Debug|Any CPU.ActiveCfg = Debug|Any CPU
		{BD0E8745-12D5-4BFF-9A9D-9E7BC9A2A8BB}.Debug|Any CPU.Build.0 = Debug|Any CPU
		{BD0E8745-12D5-4BFF-9A9D-9E7BC9A2A8BB}.Release|Any CPU.ActiveCfg = Release|Any CPU
		{BD0E8745-12D5-4BFF-9A9D-9E7BC9A2A8BB}.Release|Any CPU.Build.0 = Release|Any CPU
		{EF2BB740-128D-4E79-A221-9A8BF2013607}.Debug|Any CPU.ActiveCfg = Debug|Any CPU
		{EF2BB740-128D-4E79-A221-9A8BF2013607}.Debug|Any CPU.Build.0 = Debug|Any CPU
		{EF2BB740-128D-4E79-A221-9A8BF2013607}.Release|Any CPU.ActiveCfg = Release|Any CPU
		{EF2BB740-128D-4E79-A221-9A8BF2013607}.Release|Any CPU.Build.0 = Release|Any CPU
		{2E94AFEF-9915-425C-83D6-48CCEFE20A9E}.Debug|Any CPU.ActiveCfg = Debug|Any CPU
		{2E94AFEF-9915-425C-83D6-48CCEFE20A9E}.Debug|Any CPU.Build.0 = Debug|Any CPU
		{2E94AFEF-9915-425C-83D6-48CCEFE20A9E}.Release|Any CPU.ActiveCfg = Release|Any CPU
		{2E94AFEF-9915-425C-83D6-48CCEFE20A9E}.Release|Any CPU.Build.0 = Release|Any CPU
	EndGlobalSection
	GlobalSection(SolutionProperties) = preSolution
		HideSolutionNode = FALSE
	EndGlobalSection
	GlobalSection(ExtensibilityGlobals) = postSolution
		SolutionGuid = {9C14665D-E9CF-4A45-BD9B-70594BE373F0}
	EndGlobalSection
EndGlobal
